
Microsoft Visual Studio Solution File, Format Version 12.00
# Visual Studio 15
VisualStudioVersion = 15.0.26730.12
MinimumVisualStudioVersion = 10.0.40219.1
Project("{9A19103F-16F7-4668-BE54-9A1E7A4F7556}") = "lab06_erik", "lab06-erik\lab06_erik.csproj", "{8DFB8753-FEE9-4E5E-81D9-67E0BA12E38E}"
EndProject
Global
	GlobalSection(SolutionConfigurationPlatforms) = preSolution
		Debug|Any CPU = Debug|Any CPU
		Release|Any CPU = Release|Any CPU
	EndGlobalSection
	GlobalSection(ProjectConfigurationPlatforms) = postSolution
		{8DFB8753-FEE9-4E5E-81D9-67E0BA12E38E}.Debug|Any CPU.ActiveCfg = Debug|Any CPU
		{8DFB8753-FEE9-4E5E-81D9-67E0BA12E38E}.Debug|Any CPU.Build.0 = Debug|Any CPU
		{8DFB8753-FEE9-4E5E-81D9-67E0BA12E38E}.Release|Any CPU.ActiveCfg = Release|Any CPU
		{8DFB8753-FEE9-4E5E-81D9-67E0BA12E38E}.Release|Any CPU.Build.0 = Release|Any CPU
	EndGlobalSection
	GlobalSection(SolutionProperties) = preSolution
		HideSolutionNode = FALSE
	EndGlobalSection
	GlobalSection(ExtensibilityGlobals) = postSolution
		SolutionGuid = {C240053D-7B15-4BD8-BF76-8F4490DCC060}
	EndGlobalSection
EndGlobal
