
Microsoft Visual Studio Solution File, Format Version 12.00
# Visual Studio 15
VisualStudioVersion = 15.0.26730.12
MinimumVisualStudioVersion = 10.0.40219.1
Project("{FAE04EC0-301F-11D3-BF4B-00C04F79EFBC}") = "Interfaces", "Interfaces\Interfaces.csproj", "{68D60BF9-F3DE-4685-A7E3-208D7927B4FE}"
EndProject
Global
	GlobalSection(SolutionConfigurationPlatforms) = preSolution
		Debug|Any CPU = Debug|Any CPU
		Release|Any CPU = Release|Any CPU
	EndGlobalSection
	GlobalSection(ProjectConfigurationPlatforms) = postSolution
		{68D60BF9-F3DE-4685-A7E3-208D7927B4FE}.Debug|Any CPU.ActiveCfg = Debug|Any CPU
		{68D60BF9-F3DE-4685-A7E3-208D7927B4FE}.Debug|Any CPU.Build.0 = Debug|Any CPU
		{68D60BF9-F3DE-4685-A7E3-208D7927B4FE}.Release|Any CPU.ActiveCfg = Release|Any CPU
		{68D60BF9-F3DE-4685-A7E3-208D7927B4FE}.Release|Any CPU.Build.0 = Release|Any CPU
	EndGlobalSection
	GlobalSection(SolutionProperties) = preSolution
		HideSolutionNode = FALSE
	EndGlobalSection
	GlobalSection(ExtensibilityGlobals) = postSolution
		SolutionGuid = {302C0C1B-79B5-4A8E-89D2-5E842E44332F}
	EndGlobalSection
EndGlobal
